<Solution>
  <Folder Name="/src/">
    <Project Path="src/FrameLink.Protocol/FrameLink.Protocol.csproj" />
    <Project Path="src/FrameLink.Agent/FrameLink.Agent.csproj" />
    <Project Path="src/FrameLink.Control/FrameLink.Control.csproj" />
  </Folder>
  <Folder Name="/tests/">
    <Project Path="tests/FrameLink.Tests/FrameLink.Tests.csproj" />
  </Folder>
  <Folder Name="/tools/">
    <Project Path="tools/FrameLink.Upstream/FrameLink.Upstream.csproj" />
    <Project Path="tools/FrameLink.Parity/FrameLink.Parity.csproj" />
    <Project Path="tools/FrameLink.Diagram/FrameLink.Diagram.csproj" />
  </Folder>
</Solution>
